# This file is automatically @generated by Poetry 1.8.2 and should not be changed by hand.

[[package]]
name = "redis"
version = "5.0.4"
description = "Python client for Redis database and key-value store"
optional = false
python-versions = ">=3.7"
files = [
    {file = "redis-5.0.4-py3-none-any.whl", hash = "sha256:7adc2835c7a9b5033b7ad8f8918d09b7344188228809c98df07af226d39dec91"},
    {file = "redis-5.0.4.tar.gz", hash = "sha256:ec31f2ed9675cc54c21ba854cfe0462e6faf1d83c8ce5944709db8a4700b9c61"},
]

[package.extras]
hiredis = ["hiredis (>=1.0.0)"]
ocsp = ["cryptography (>=36.0.1)", "pyopenssl (==20.0.1)", "requests (>=2.26.0)"]

[metadata]
lock-version = "2.0"
python-versions = "^3.12"
content-hash = "f1fed16a69f0932d185e7ebcf03903793cb46d6cc35b215c4f479ff865fe4b20"
